
Microsoft Visual Studio Solution File, Format Version 12.00
# Visual Studio Version 16
VisualStudioVersion = 16.0.30621.155
MinimumVisualStudioVersion = 10.0.40219.1
Project("{FAE04EC0-301F-11D3-BF4B-00C04F79EFBC}") = "Sorting", "Sorting\Sorting.csproj", "{216E7D51-9A3C-4607-85E6-914119214BB8}"
EndProject
Global
	GlobalSection(SolutionConfigurationPlatforms) = preSolution
		Debug|Any CPU = Debug|Any CPU
		Release|Any CPU = Release|Any CPU
	EndGlobalSection
	GlobalSection(ProjectConfigurationPlatforms) = postSolution
		{216E7D51-9A3C-4607-85E6-914119214BB8}.Debug|Any CPU.ActiveCfg = Debug|Any CPU
		{216E7D51-9A3C-4607-85E6-914119214BB8}.Debug|Any CPU.Build.0 = Debug|Any CPU
		{216E7D51-9A3C-4607-85E6-914119214BB8}.Release|Any CPU.ActiveCfg = Release|Any CPU
		{216E7D51-9A3C-4607-85E6-914119214BB8}.Release|Any CPU.Build.0 = Release|Any CPU
	EndGlobalSection
	GlobalSection(SolutionProperties) = preSolution
		HideSolutionNode = FALSE
	EndGlobalSection
	GlobalSection(ExtensibilityGlobals) = postSolution
		SolutionGuid = {4708CECA-E530-4BF6-990E-FF568C4D9A69}
	EndGlobalSection
EndGlobal
